// !$*UTF8*$!
{
	archiveVersion = 1;
	classes = {
	};
	objectVersion = 56;
	objects = {

/* Begin PBXBuildFile section */
		018BB1E12B08CC4A002FA3D8 /* RMSingleLocation.swift in Sources */ = {isa = PBXBuildFile; fileRef = 018BB1E02B08CC4A002FA3D8 /* RMSingleLocation.swift */; };
		018BB1E32B08CE0A002FA3D8 /* RMCharacterStatus.swift in Sources */ = {isa = PBXBuildFile; fileRef = 018BB1E22B08CE0A002FA3D8 /* RMCharacterStatus.swift */; };
		018BB1E52B08CEF1002FA3D8 /* RMCharacterGender.swift in Sources */ = {isa = PBXBuildFile; fileRef = 018BB1E42B08CEF1002FA3D8 /* RMCharacterGender.swift */; };
		01DCFB862B07695500422E80 /* AppDelegate.swift in Sources */ = {isa = PBXBuildFile; fileRef = 01DCFB852B07695500422E80 /* AppDelegate.swift */; };
		01DCFB882B07695500422E80 /* SceneDelegate.swift in Sources */ = {isa = PBXBuildFile; fileRef = 01DCFB872B07695500422E80 /* SceneDelegate.swift */; };
		01DCFB8A2B07695500422E80 /* RMTabViewController.swift in Sources */ = {isa = PBXBuildFile; fileRef = 01DCFB892B07695500422E80 /* RMTabViewController.swift */; };
		01DCFB8F2B07695700422E80 /* Assets.xcassets in Resources */ = {isa = PBXBuildFile; fileRef = 01DCFB8E2B07695700422E80 /* Assets.xcassets */; };
		01DCFB922B07695700422E80 /* LaunchScreen.storyboard in Resources */ = {isa = PBXBuildFile; fileRef = 01DCFB902B07695700422E80 /* LaunchScreen.storyboard */; };
		01DCFBA22B076C7B00422E80 /* RMLocation.swift in Sources */ = {isa = PBXBuildFile; fileRef = 01DCFBA12B076C7B00422E80 /* RMLocation.swift */; };
		01DCFBA42B076CD600422E80 /* RMCharacter.swift in Sources */ = {isa = PBXBuildFile; fileRef = 01DCFBA32B076CD600422E80 /* RMCharacter.swift */; };
		01DCFBA62B076CE000422E80 /* RMEpisode.swift in Sources */ = {isa = PBXBuildFile; fileRef = 01DCFBA52B076CE000422E80 /* RMEpisode.swift */; };
		01DCFBAC2B076D6F00422E80 /* RMCharacterViewController.swift in Sources */ = {isa = PBXBuildFile; fileRef = 01DCFBAB2B076D6F00422E80 /* RMCharacterViewController.swift */; };
		01DCFBAE2B076D7800422E80 /* RMLocationViewController.swift in Sources */ = {isa = PBXBuildFile; fileRef = 01DCFBAD2B076D7800422E80 /* RMLocationViewController.swift */; };
		01DCFBB02B076D8600422E80 /* RMEpisodeViewController.swift in Sources */ = {isa = PBXBuildFile; fileRef = 01DCFBAF2B076D8600422E80 /* RMEpisodeViewController.swift */; };
		01DCFBB22B076DEA00422E80 /* RMSettingViewController.swift in Sources */ = {isa = PBXBuildFile; fileRef = 01DCFBB12B076DEA00422E80 /* RMSettingViewController.swift */; };
		01DCFBB42B0782DD00422E80 /* RMService.swift in Sources */ = {isa = PBXBuildFile; fileRef = 01DCFBB32B0782DD00422E80 /* RMService.swift */; };
		01DCFBB62B0782EB00422E80 /* RMRequest.swift in Sources */ = {isa = PBXBuildFile; fileRef = 01DCFBB52B0782EB00422E80 /* RMRequest.swift */; };
		01DCFBB82B07839E00422E80 /* RMEndpoint.swift in Sources */ = {isa = PBXBuildFile; fileRef = 01DCFBB72B07839E00422E80 /* RMEndpoint.swift */; };
		01E73C492B07923B0046FED3 /* RMOrigin.swift in Sources */ = {isa = PBXBuildFile; fileRef = 01E73C482B07923B0046FED3 /* RMOrigin.swift */; };
/* End PBXBuildFile section */

/* Begin PBXFileReference section */
		018BB1E02B08CC4A002FA3D8 /* RMSingleLocation.swift */ = {isa = PBXFileReference; lastKnownFileType = sourcecode.swift; path = RMSingleLocation.swift; sourceTree = "<group>"; };
		018BB1E22B08CE0A002FA3D8 /* RMCharacterStatus.swift */ = {isa = PBXFileReference; lastKnownFileType = sourcecode.swift; path = RMCharacterStatus.swift; sourceTree = "<group>"; };
		018BB1E42B08CEF1002FA3D8 /* RMCharacterGender.swift */ = {isa = PBXFileReference; lastKnownFileType = sourcecode.swift; path = RMCharacterGender.swift; sourceTree = "<group>"; };
		01DCFB822B07695500422E80 /* iOS-Academy-RickAndMorty.app */ = {isa = PBXFileReference; explicitFileType = wrapper.application; includeInIndex = 0; path = "iOS-Academy-RickAndMorty.app"; sourceTree = BUILT_PRODUCTS_DIR; };
		01DCFB852B07695500422E80 /* AppDelegate.swift */ = {isa = PBXFileReference; lastKnownFileType = sourcecode.swift; path = AppDelegate.swift; sourceTree = "<group>"; };
		01DCFB872B07695500422E80 /* SceneDelegate.swift */ = {isa = PBXFileReference; lastKnownFileType = sourcecode.swift; path = SceneDelegate.swift; sourceTree = "<group>"; };
		01DCFB892B07695500422E80 /* RMTabViewController.swift */ = {isa = PBXFileReference; lastKnownFileType = sourcecode.swift; path = RMTabViewController.swift; sourceTree = "<group>"; };
		01DCFB8E2B07695700422E80 /* Assets.xcassets */ = {isa = PBXFileReference; lastKnownFileType = folder.assetcatalog; path = Assets.xcassets; sourceTree = "<group>"; };
		01DCFB912B07695700422E80 /* Base */ = {isa = PBXFileReference; lastKnownFileType = file.storyboard; name = Base; path = Base.lproj/LaunchScreen.storyboard; sourceTree = "<group>"; };
		01DCFB932B07695700422E80 /* Info.plist */ = {isa = PBXFileReference; lastKnownFileType = text.plist.xml; path = Info.plist; sourceTree = "<group>"; };
		01DCFBA12B076C7B00422E80 /* RMLocation.swift */ = {isa = PBXFileReference; lastKnownFileType = sourcecode.swift; path = RMLocation.swift; sourceTree = "<group>"; };
		01DCFBA32B076CD600422E80 /* RMCharacter.swift */ = {isa = PBXFileReference; lastKnownFileType = sourcecode.swift; path = RMCharacter.swift; sourceTree = "<group>"; };
		01DCFBA52B076CE000422E80 /* RMEpisode.swift */ = {isa = PBXFileReference; lastKnownFileType = sourcecode.swift; path = RMEpisode.swift; sourceTree = "<group>"; };
		01DCFBAB2B076D6F00422E80 /* RMCharacterViewController.swift */ = {isa = PBXFileReference; lastKnownFileType = sourcecode.swift; path = RMCharacterViewController.swift; sourceTree = "<group>"; };
		01DCFBAD2B076D7800422E80 /* RMLocationViewController.swift */ = {isa = PBXFileReference; lastKnownFileType = sourcecode.swift; path = RMLocationViewController.swift; sourceTree = "<group>"; };
		01DCFBAF2B076D8600422E80 /* RMEpisodeViewController.swift */ = {isa = PBXFileReference; lastKnownFileType = sourcecode.swift; path = RMEpisodeViewController.swift; sourceTree = "<group>"; };
		01DCFBB12B076DEA00422E80 /* RMSettingViewController.swift */ = {isa = PBXFileReference; lastKnownFileType = sourcecode.swift; path = RMSettingViewController.swift; sourceTree = "<group>"; };
		01DCFBB32B0782DD00422E80 /* RMService.swift */ = {isa = PBXFileReference; lastKnownFileType = sourcecode.swift; path = RMService.swift; sourceTree = "<group>"; };
		01DCFBB52B0782EB00422E80 /* RMRequest.swift */ = {isa = PBXFileReference; lastKnownFileType = sourcecode.swift; path = RMRequest.swift; sourceTree = "<group>"; };
		01DCFBB72B07839E00422E80 /* RMEndpoint.swift */ = {isa = PBXFileReference; lastKnownFileType = sourcecode.swift; path = RMEndpoint.swift; sourceTree = "<group>"; };
		01E73C482B07923B0046FED3 /* RMOrigin.swift */ = {isa = PBXFileReference; lastKnownFileType = sourcecode.swift; path = RMOrigin.swift; sourceTree = "<group>"; };
/* End PBXFileReference section */

/* Begin PBXFrameworksBuildPhase section */
		01DCFB7F2B07695500422E80 /* Frameworks */ = {
			isa = PBXFrameworksBuildPhase;
			buildActionMask = 2147483647;
			files = (
			);
			runOnlyForDeploymentPostprocessing = 0;
		};
/* End PBXFrameworksBuildPhase section */

/* Begin PBXGroup section */
		01DCFB792B07695500422E80 = {
			isa = PBXGroup;
			children = (
				01DCFB842B07695500422E80 /* iOS-Academy-RickAndMorty */,
				01DCFB832B07695500422E80 /* Products */,
			);
			sourceTree = "<group>";
		};
		01DCFB832B07695500422E80 /* Products */ = {
			isa = PBXGroup;
			children = (
				01DCFB822B07695500422E80 /* iOS-Academy-RickAndMorty.app */,
			);
			name = Products;
			sourceTree = "<group>";
		};
		01DCFB842B07695500422E80 /* iOS-Academy-RickAndMorty */ = {
			isa = PBXGroup;
			children = (
				01DCFBA02B076C0200422E80 /* Resources */,
				01DCFB9E2B076BEA00422E80 /* Managers */,
				01DCFB9F2B076BF000422E80 /* APIClient */,
				01DCFB9D2B076BDC00422E80 /* ViewModels */,
				01DCFB9C2B076BD600422E80 /* Views */,
				01DCFB9B2B076BD300422E80 /* Models */,
				01DCFB9A2B076BC800422E80 /* Controllers */,
				01DCFB932B07695700422E80 /* Info.plist */,
			);
			path = "iOS-Academy-RickAndMorty";
			sourceTree = "<group>";
		};
		01DCFB9A2B076BC800422E80 /* Controllers */ = {
			isa = PBXGroup;
			children = (
				01DCFBA72B076D3100422E80 /* Core */,
			);
			path = Controllers;
			sourceTree = "<group>";
		};
		01DCFB9B2B076BD300422E80 /* Models */ = {
			isa = PBXGroup;
			children = (
				01DCFBA12B076C7B00422E80 /* RMLocation.swift */,
				01DCFBA32B076CD600422E80 /* RMCharacter.swift */,
				018BB1E42B08CEF1002FA3D8 /* RMCharacterGender.swift */,
				018BB1E22B08CE0A002FA3D8 /* RMCharacterStatus.swift */,
				01E73C482B07923B0046FED3 /* RMOrigin.swift */,
				018BB1E02B08CC4A002FA3D8 /* RMSingleLocation.swift */,
				01DCFBA52B076CE000422E80 /* RMEpisode.swift */,
			);
			path = Models;
			sourceTree = "<group>";
		};
		01DCFB9C2B076BD600422E80 /* Views */ = {
			isa = PBXGroup;
			children = (
			);
			path = Views;
			sourceTree = "<group>";
		};
		01DCFB9D2B076BDC00422E80 /* ViewModels */ = {
			isa = PBXGroup;
			children = (
			);
			path = ViewModels;
			sourceTree = "<group>";
		};
		01DCFB9E2B076BEA00422E80 /* Managers */ = {
			isa = PBXGroup;
			children = (
			);
			path = Managers;
			sourceTree = "<group>";
		};
		01DCFB9F2B076BF000422E80 /* APIClient */ = {
			isa = PBXGroup;
			children = (
				01DCFBB32B0782DD00422E80 /* RMService.swift */,
				01DCFBB52B0782EB00422E80 /* RMRequest.swift */,
				01DCFBB72B07839E00422E80 /* RMEndpoint.swift */,
			);
			path = APIClient;
			sourceTree = "<group>";
		};
		01DCFBA02B076C0200422E80 /* Resources */ = {
			isa = PBXGroup;
			children = (
				01DCFB8E2B07695700422E80 /* Assets.xcassets */,
				01DCFB902B07695700422E80 /* LaunchScreen.storyboard */,
				01DCFB852B07695500422E80 /* AppDelegate.swift */,
				01DCFB872B07695500422E80 /* SceneDelegate.swift */,
			);
			path = Resources;
			sourceTree = "<group>";
		};
		01DCFBA72B076D3100422E80 /* Core */ = {
			isa = PBXGroup;
			children = (
				01DCFB892B07695500422E80 /* RMTabViewController.swift */,
				01DCFBAB2B076D6F00422E80 /* RMCharacterViewController.swift */,
				01DCFBAD2B076D7800422E80 /* RMLocationViewController.swift */,
				01DCFBAF2B076D8600422E80 /* RMEpisodeViewController.swift */,
				01DCFBB12B076DEA00422E80 /* RMSettingViewController.swift */,
			);
			path = Core;
			sourceTree = "<group>";
		};
/* End PBXGroup section */

/* Begin PBXNativeTarget section */
		01DCFB812B07695500422E80 /* iOS-Academy-RickAndMorty */ = {
			isa = PBXNativeTarget;
			buildConfigurationList = 01DCFB962B07695700422E80 /* Build configuration list for PBXNativeTarget "iOS-Academy-RickAndMorty" */;
			buildPhases = (
				01DCFB7E2B07695500422E80 /* Sources */,
				01DCFB7F2B07695500422E80 /* Frameworks */,
				01DCFB802B07695500422E80 /* Resources */,
			);
			buildRules = (
			);
			dependencies = (
			);
			name = "iOS-Academy-RickAndMorty";
			productName = "iOS-Academy-RickAndMorty";
			productReference = 01DCFB822B07695500422E80 /* iOS-Academy-RickAndMorty.app */;
			productType = "com.apple.product-type.application";
		};
/* End PBXNativeTarget section */

/* Begin PBXProject section */
		01DCFB7A2B07695500422E80 /* Project object */ = {
			isa = PBXProject;
			attributes = {
				BuildIndependentTargetsInParallel = 1;
				LastSwiftUpdateCheck = 1500;
				LastUpgradeCheck = 1500;
				TargetAttributes = {
					01DCFB812B07695500422E80 = {
						CreatedOnToolsVersion = 15.0;
					};
				};
			};
			buildConfigurationList = 01DCFB7D2B07695500422E80 /* Build configuration list for PBXProject "iOS-Academy-RickAndMorty" */;
			compatibilityVersion = "Xcode 14.0";
			developmentRegion = en;
			hasScannedForEncodings = 0;
			knownRegions = (
				en,
				Base,
			);
			mainGroup = 01DCFB792B07695500422E80;
			productRefGroup = 01DCFB832B07695500422E80 /* Products */;
			projectDirPath = "";
			projectRoot = "";
			targets = (
				01DCFB812B07695500422E80 /* iOS-Academy-RickAndMorty */,
			);
		};
/* End PBXProject section */

/* Begin PBXResourcesBuildPhase section */
		01DCFB802B07695500422E80 /* Resources */ = {
			isa = PBXResourcesBuildPhase;
			buildActionMask = 2147483647;
			files = (
				01DCFB922B07695700422E80 /* LaunchScreen.storyboard in Resources */,
				01DCFB8F2B07695700422E80 /* Assets.xcassets in Resources */,
			);
			runOnlyForDeploymentPostprocessing = 0;
		};
/* End PBXResourcesBuildPhase section */

/* Begin PBXSourcesBuildPhase section */
		01DCFB7E2B07695500422E80 /* Sources */ = {
			isa = PBXSourcesBuildPhase;
			buildActionMask = 2147483647;
			files = (
				01E73C492B07923B0046FED3 /* RMOrigin.swift in Sources */,
				018BB1E12B08CC4A002FA3D8 /* RMSingleLocation.swift in Sources */,
				018BB1E32B08CE0A002FA3D8 /* RMCharacterStatus.swift in Sources */,
				018BB1E52B08CEF1002FA3D8 /* RMCharacterGender.swift in Sources */,
				01DCFBAE2B076D7800422E80 /* RMLocationViewController.swift in Sources */,
				01DCFBA62B076CE000422E80 /* RMEpisode.swift in Sources */,
				01DCFB8A2B07695500422E80 /* RMTabViewController.swift in Sources */,
				01DCFBB02B076D8600422E80 /* RMEpisodeViewController.swift in Sources */,
				01DCFBB22B076DEA00422E80 /* RMSettingViewController.swift in Sources */,
				01DCFB862B07695500422E80 /* AppDelegate.swift in Sources */,
				01DCFBA22B076C7B00422E80 /* RMLocation.swift in Sources */,
				01DCFBB42B0782DD00422E80 /* RMService.swift in Sources */,
				01DCFB882B07695500422E80 /* SceneDelegate.swift in Sources */,
				01DCFBB82B07839E00422E80 /* RMEndpoint.swift in Sources */,
				01DCFBA42B076CD600422E80 /* RMCharacter.swift in Sources */,
				01DCFBB62B0782EB00422E80 /* RMRequest.swift in Sources */,
				01DCFBAC2B076D6F00422E80 /* RMCharacterViewController.swift in Sources */,
			);
			runOnlyForDeploymentPostprocessing = 0;
		};
/* End PBXSourcesBuildPhase section */

/* Begin PBXVariantGroup section */
		01DCFB902B07695700422E80 /* LaunchScreen.storyboard */ = {
			isa = PBXVariantGroup;
			children = (
				01DCFB912B07695700422E80 /* Base */,
			);
			name = LaunchScreen.storyboard;
			sourceTree = "<group>";
		};
/* End PBXVariantGroup section */

/* Begin XCBuildConfiguration section */
		01DCFB942B07695700422E80 /* Debug */ = {
			isa = XCBuildConfiguration;
			buildSettings = {
				ALWAYS_SEARCH_USER_PATHS = NO;
				ASSETCATALOG_COMPILER_GENERATE_SWIFT_ASSET_SYMBOL_EXTENSIONS = YES;
				CLANG_ANALYZER_NONNULL = YES;
				CLANG_ANALYZER_NUMBER_OBJECT_CONVERSION = YES_AGGRESSIVE;
				CLANG_CXX_LANGUAGE_STANDARD = "gnu++20";
				CLANG_ENABLE_MODULES = YES;
				CLANG_ENABLE_OBJC_ARC = YES;
				CLANG_ENABLE_OBJC_WEAK = YES;
				CLANG_WARN_BLOCK_CAPTURE_AUTORELEASING = YES;
				CLANG_WARN_BOOL_CONVERSION = YES;
				CLANG_WARN_COMMA = YES;
				CLANG_WARN_CONSTANT_CONVERSION = YES;
				CLANG_WARN_DEPRECATED_OBJC_IMPLEMENTATIONS = YES;
				CLANG_WARN_DIRECT_OBJC_ISA_USAGE = YES_ERROR;
				CLANG_WARN_DOCUMENTATION_COMMENTS = YES;
				CLANG_WARN_EMPTY_BODY = YES;
				CLANG_WARN_ENUM_CONVERSION = YES;
				CLANG_WARN_INFINITE_RECURSION = YES;
				CLANG_WARN_INT_CONVERSION = YES;
				CLANG_WARN_NON_LITERAL_NULL_CONVERSION = YES;
				CLANG_WARN_OBJC_IMPLICIT_RETAIN_SELF = YES;
				CLANG_WARN_OBJC_LITERAL_CONVERSION = YES;
				CLANG_WARN_OBJC_ROOT_CLASS = YES_ERROR;
				CLANG_WARN_QUOTED_INCLUDE_IN_FRAMEWORK_HEADER = YES;
				CLANG_WARN_RANGE_LOOP_ANALYSIS = YES;
				CLANG_WARN_STRICT_PROTOTYPES = YES;
				CLANG_WARN_SUSPICIOUS_MOVE = YES;
				CLANG_WARN_UNGUARDED_AVAILABILITY = YES_AGGRESSIVE;
				CLANG_WARN_UNREACHABLE_CODE = YES;
				CLANG_WARN__DUPLICATE_METHOD_MATCH = YES;
				COPY_PHASE_STRIP = NO;
				DEBUG_INFORMATION_FORMAT = dwarf;
				ENABLE_STRICT_OBJC_MSGSEND = YES;
				ENABLE_TESTABILITY = YES;
				ENABLE_USER_SCRIPT_SANDBOXING = YES;
				GCC_C_LANGUAGE_STANDARD = gnu17;
				GCC_DYNAMIC_NO_PIC = NO;
				GCC_NO_COMMON_BLOCKS = YES;
				GCC_OPTIMIZATION_LEVEL = 0;
				GCC_PREPROCESSOR_DEFINITIONS = (
					"DEBUG=1",
					"$(inherited)",
				);
				GCC_WARN_64_TO_32_BIT_CONVERSION = YES;
				GCC_WARN_ABOUT_RETURN_TYPE = YES_ERROR;
				GCC_WARN_UNDECLARED_SELECTOR = YES;
				GCC_WARN_UNINITIALIZED_AUTOS = YES_AGGRESSIVE;
				GCC_WARN_UNUSED_FUNCTION = YES;
				GCC_WARN_UNUSED_VARIABLE = YES;
				IPHONEOS_DEPLOYMENT_TARGET = 17.0;
				LOCALIZATION_PREFERS_STRING_CATALOGS = YES;
				MTL_ENABLE_DEBUG_INFO = INCLUDE_SOURCE;
				MTL_FAST_MATH = YES;
				ONLY_ACTIVE_ARCH = YES;
				SDKROOT = iphoneos;
				SWIFT_ACTIVE_COMPILATION_CONDITIONS = "DEBUG $(inherited)";
				SWIFT_OPTIMIZATION_LEVEL = "-Onone";
			};
			name = Debug;
		};
		01DCFB952B07695700422E80 /* Release */ = {
			isa = XCBuildConfiguration;
			buildSettings = {
				ALWAYS_SEARCH_USER_PATHS = NO;
				ASSETCATALOG_COMPILER_GENERATE_SWIFT_ASSET_SYMBOL_EXTENSIONS = YES;
				CLANG_ANALYZER_NONNULL = YES;
				CLANG_ANALYZER_NUMBER_OBJECT_CONVERSION = YES_AGGRESSIVE;
				CLANG_CXX_LANGUAGE_STANDARD = "gnu++20";
				CLANG_ENABLE_MODULES = YES;
				CLANG_ENABLE_OBJC_ARC = YES;
				CLANG_ENABLE_OBJC_WEAK = YES;
				CLANG_WARN_BLOCK_CAPTURE_AUTORELEASING = YES;
				CLANG_WARN_BOOL_CONVERSION = YES;
				CLANG_WARN_COMMA = YES;
				CLANG_WARN_CONSTANT_CONVERSION = YES;
				CLANG_WARN_DEPRECATED_OBJC_IMPLEMENTATIONS = YES;
				CLANG_WARN_DIRECT_OBJC_ISA_USAGE = YES_ERROR;
				CLANG_WARN_DOCUMENTATION_COMMENTS = YES;
				CLANG_WARN_EMPTY_BODY = YES;
				CLANG_WARN_ENUM_CONVERSION = YES;
				CLANG_WARN_INFINITE_RECURSION = YES;
				CLANG_WARN_INT_CONVERSION = YES;
				CLANG_WARN_NON_LITERAL_NULL_CONVERSION = YES;
				CLANG_WARN_OBJC_IMPLICIT_RETAIN_SELF = YES;
				CLANG_WARN_OBJC_LITERAL_CONVERSION = YES;
				CLANG_WARN_OBJC_ROOT_CLASS = YES_ERROR;
				CLANG_WARN_QUOTED_INCLUDE_IN_FRAMEWORK_HEADER = YES;
				CLANG_WARN_RANGE_LOOP_ANALYSIS = YES;
				CLANG_WARN_STRICT_PROTOTYPES = YES;
				CLANG_WARN_SUSPICIOUS_MOVE = YES;
				CLANG_WARN_UNGUARDED_AVAILABILITY = YES_AGGRESSIVE;
				CLANG_WARN_UNREACHABLE_CODE = YES;
				CLANG_WARN__DUPLICATE_METHOD_MATCH = YES;
				COPY_PHASE_STRIP = NO;
				DEBUG_INFORMATION_FORMAT = "dwarf-with-dsym";
				ENABLE_NS_ASSERTIONS = NO;
				ENABLE_STRICT_OBJC_MSGSEND = YES;
				ENABLE_USER_SCRIPT_SANDBOXING = YES;
				GCC_C_LANGUAGE_STANDARD = gnu17;
				GCC_NO_COMMON_BLOCKS = YES;
				GCC_WARN_64_TO_32_BIT_CONVERSION = YES;
				GCC_WARN_ABOUT_RETURN_TYPE = YES_ERROR;
				GCC_WARN_UNDECLARED_SELECTOR = YES;
				GCC_WARN_UNINITIALIZED_AUTOS = YES_AGGRESSIVE;
				GCC_WARN_UNUSED_FUNCTION = YES;
				GCC_WARN_UNUSED_VARIABLE = YES;
				IPHONEOS_DEPLOYMENT_TARGET = 17.0;
				LOCALIZATION_PREFERS_STRING_CATALOGS = YES;
				MTL_ENABLE_DEBUG_INFO = NO;
				MTL_FAST_MATH = YES;
				SDKROOT = iphoneos;
				SWIFT_COMPILATION_MODE = wholemodule;
				VALIDATE_PRODUCT = YES;
			};
			name = Release;
		};
		01DCFB972B07695700422E80 /* Debug */ = {
			isa = XCBuildConfiguration;
			buildSettings = {
				ASSETCATALOG_COMPILER_APPICON_NAME = AppIcon;
				ASSETCATALOG_COMPILER_GLOBAL_ACCENT_COLOR_NAME = AccentColor;
				CODE_SIGN_STYLE = Automatic;
				CURRENT_PROJECT_VERSION = 1;
				DEVELOPMENT_TEAM = 86CWQQPNC4;
				GENERATE_INFOPLIST_FILE = YES;
				INFOPLIST_FILE = "iOS-Academy-RickAndMorty/Info.plist";
				INFOPLIST_KEY_UIApplicationSupportsIndirectInputEvents = YES;
				INFOPLIST_KEY_UILaunchStoryboardName = LaunchScreen;
				INFOPLIST_KEY_UIMainStoryboardFile = "";
				INFOPLIST_KEY_UISupportedInterfaceOrientations_iPad = "UIInterfaceOrientationPortrait UIInterfaceOrientationPortraitUpsideDown UIInterfaceOrientationLandscapeLeft UIInterfaceOrientationLandscapeRight";
				INFOPLIST_KEY_UISupportedInterfaceOrientations_iPhone = "UIInterfaceOrientationPortrait UIInterfaceOrientationLandscapeLeft UIInterfaceOrientationLandscapeRight";
				LD_RUNPATH_SEARCH_PATHS = (
					"$(inherited)",
					"@executable_path/Frameworks",
				);
				MARKETING_VERSION = 1.0;
				PRODUCT_BUNDLE_IDENTIFIER = "com.ziesdev.iOS-Academy-RickAndMorty";
				PRODUCT_NAME = "$(TARGET_NAME)";
				SWIFT_EMIT_LOC_STRINGS = YES;
				SWIFT_VERSION = 5.0;
				TARGETED_DEVICE_FAMILY = "1,2";
			};
			name = Debug;
		};
		01DCFB982B07695700422E80 /* Release */ = {
			isa = XCBuildConfiguration;
			buildSettings = {
				ASSETCATALOG_COMPILER_APPICON_NAME = AppIcon;
				ASSETCATALOG_COMPILER_GLOBAL_ACCENT_COLOR_NAME = AccentColor;
				CODE_SIGN_STYLE = Automatic;
				CURRENT_PROJECT_VERSION = 1;
				DEVELOPMENT_TEAM = 86CWQQPNC4;
				GENERATE_INFOPLIST_FILE = YES;
				INFOPLIST_FILE = "iOS-Academy-RickAndMorty/Info.plist";
				INFOPLIST_KEY_UIApplicationSupportsIndirectInputEvents = YES;
				INFOPLIST_KEY_UILaunchStoryboardName = LaunchScreen;
				INFOPLIST_KEY_UIMainStoryboardFile = "";
				INFOPLIST_KEY_UISupportedInterfaceOrientations_iPad = "UIInterfaceOrientationPortrait UIInterfaceOrientationPortraitUpsideDown UIInterfaceOrientationLandscapeLeft UIInterfaceOrientationLandscapeRight";
				INFOPLIST_KEY_UISupportedInterfaceOrientations_iPhone = "UIInterfaceOrientationPortrait UIInterfaceOrientationLandscapeLeft UIInterfaceOrientationLandscapeRight";
				LD_RUNPATH_SEARCH_PATHS = (
					"$(inherited)",
					"@executable_path/Frameworks",
				);
				MARKETING_VERSION = 1.0;
				PRODUCT_BUNDLE_IDENTIFIER = "com.ziesdev.iOS-Academy-RickAndMorty";
				PRODUCT_NAME = "$(TARGET_NAME)";
				SWIFT_EMIT_LOC_STRINGS = YES;
				SWIFT_VERSION = 5.0;
				TARGETED_DEVICE_FAMILY = "1,2";
			};
			name = Release;
		};
/* End XCBuildConfiguration section */

/* Begin XCConfigurationList section */
		01DCFB7D2B07695500422E80 /* Build configuration list for PBXProject "iOS-Academy-RickAndMorty" */ = {
			isa = XCConfigurationList;
			buildConfigurations = (
				01DCFB942B07695700422E80 /* Debug */,
				01DCFB952B07695700422E80 /* Release */,
			);
			defaultConfigurationIsVisible = 0;
			defaultConfigurationName = Release;
		};
		01DCFB962B07695700422E80 /* Build configuration list for PBXNativeTarget "iOS-Academy-RickAndMorty" */ = {
			isa = XCConfigurationList;
			buildConfigurations = (
				01DCFB972B07695700422E80 /* Debug */,
				01DCFB982B07695700422E80 /* Release */,
			);
			defaultConfigurationIsVisible = 0;
			defaultConfigurationName = Release;
		};
/* End XCConfigurationList section */
	};
	rootObject = 01DCFB7A2B07695500422E80 /* Project object */;
}
